dependencies:
  espressif/cjson:
    component_hash: e788323270d90738662d66fffa910bfe1fba019bba087f01557e70c40485b469
    dependencies:
    - name: idf
      require: private
      version: '>=5.0'
    source:
      registry_url: https://components.espressif.com/
      type: service
    version: 1.7.19~2
  espressif/json_generator:
    component_hash: c24b782de6b3681540ae5a50cdd5212eb09cefec78b374fbe417e7d1fcf5a23d
    dependencies: []
    source:
      registry_url: https://components.espressif.com
      type: service
    version: 2.0.0
  espressif/network_provisioning:
    component_hash: b05eb9955d8aacee3e362d241627ab39c5588aa3dcd7dd935f2fcccc10fd0d0a
    dependencies:
    - name: espressif/json_generator
      registry_url: https://components.espressif.com
      require: private
      version: ^2.0.0
    - name: idf
      require: private
      version: '>=5.1'
    source:
      registry_url: https://components.espressif.com/
      type: service
    version: 1.3.1
  espressif/qrcode:
    component_hash: 31e70991ce22f28d73a4386417fc9c0993f61e1aab1832474fd9e3db8da9dcbd
    dependencies: []
    source:
      registry_url: https://components.espressif.com/
      type: service
    version: 0.2.0
  idf:
    source:
      type: idf
    version: 6.1.0
direct_dependencies:
- espressif/cjson
- espressif/network_provisioning
- espressif/qrcode
- idf
manifest_hash: d86db007b63312ffc5d4d710989cdce10e0745edf093b6f43b96d891c0b47b5d
target: esp32s3
version: 3.0.0
